// !$*UTF8*$!
{
	archiveVersion = 1;
	classes = {
	};
	objectVersion = 46;
	objects = {

/* Begin PBXBuildFile section */
		3E0F41331E10737000331E2E /* RNMaterialIconsManager.m in Sources */ = {isa = PBXBuildFile; fileRef = 3E0F41321E10737000331E2E /* RNMaterialIconsManager.m */; };
		3E67AB4A1E0F491B00FCE1F1 /* RNMaterialView.m in Sources */ = {isa = PBXBuildFile; fileRef = 3E67AB491E0F491B00FCE1F1 /* RNMaterialView.m */; };
		3E67AB781E0F555100FCE1F1 /* RNMaterialViewManager.m in Sources */ = {isa = PBXBuildFile; fileRef = 3E67AB771E0F555100FCE1F1 /* RNMaterialViewManager.m */; };
/* End PBXBuildFile section */

/* Begin PBXCopyFilesBuildPhase section */
		3E67AB3A1E0F438C00FCE1F1 /* CopyFiles */ = {
			isa = PBXCopyFilesBuildPhase;
			buildActionMask = 2147483647;
			dstPath = "include/$(PRODUCT_NAME)";
			dstSubfolderSpec = 16;
			files = (
			);
			runOnlyForDeploymentPostprocessing = 0;
		};
/* End PBXCopyFilesBuildPhase section */

/* Begin PBXFileReference section */
		3E0F41311E10737000331E2E /* RNMaterialIconsManager.h */ = {isa = PBXFileReference; fileEncoding = 4; lastKnownFileType = sourcecode.c.h; path = RNMaterialIconsManager.h; sourceTree = "<group>"; };
		3E0F41321E10737000331E2E /* RNMaterialIconsManager.m */ = {isa = PBXFileReference; fileEncoding = 4; lastKnownFileType = sourcecode.c.objc; path = RNMaterialIconsManager.m; sourceTree = "<group>"; };
		3E67AB3C1E0F438C00FCE1F1 /* libRNMaterial.a */ = {isa = PBXFileReference; explicitFileType = archive.ar; includeInIndex = 0; path = libRNMaterial.a; sourceTree = BUILT_PRODUCTS_DIR; };
		3E67AB481E0F491B00FCE1F1 /* RNMaterialView.h */ = {isa = PBXFileReference; fileEncoding = 4; lastKnownFileType = sourcecode.c.h; path = RNMaterialView.h; sourceTree = "<group>"; };
		3E67AB491E0F491B00FCE1F1 /* RNMaterialView.m */ = {isa = PBXFileReference; fileEncoding = 4; lastKnownFileType = sourcecode.c.objc; path = RNMaterialView.m; sourceTree = "<group>"; };
		3E67AB771E0F555100FCE1F1 /* RNMaterialViewManager.m */ = {isa = PBXFileReference; fileEncoding = 4; lastKnownFileType = sourcecode.c.objc; path = RNMaterialViewManager.m; sourceTree = "<group>"; };
/* End PBXFileReference section */

/* Begin PBXFrameworksBuildPhase section */
		3E67AB391E0F438C00FCE1F1 /* Frameworks */ = {
			isa = PBXFrameworksBuildPhase;
			buildActionMask = 2147483647;
			files = (
			);
			runOnlyForDeploymentPostprocessing = 0;
		};
/* End PBXFrameworksBuildPhase section */

/* Begin PBXGroup section */
		3E67AB331E0F438C00FCE1F1 = {
			isa = PBXGroup;
			children = (
				3E67AB3E1E0F438C00FCE1F1 /* RNMaterial */,
				3E67AB3D1E0F438C00FCE1F1 /* Products */,
			);
			sourceTree = "<group>";
		};
		3E67AB3D1E0F438C00FCE1F1 /* Products */ = {
			isa = PBXGroup;
			children = (
				3E67AB3C1E0F438C00FCE1F1 /* libRNMaterial.a */,
			);
			name = Products;
			sourceTree = "<group>";
		};
		3E67AB3E1E0F438C00FCE1F1 /* RNMaterial */ = {
			isa = PBXGroup;
			children = (
				3E67AB481E0F491B00FCE1F1 /* RNMaterialView.h */,
				3E67AB491E0F491B00FCE1F1 /* RNMaterialView.m */,
				3E67AB771E0F555100FCE1F1 /* RNMaterialViewManager.m */,
				3E0F41311E10737000331E2E /* RNMaterialIconsManager.h */,
				3E0F41321E10737000331E2E /* RNMaterialIconsManager.m */,
			);
			path = RNMaterial;
			sourceTree = "<group>";
		};
/* End PBXGroup section */

/* Begin PBXNativeTarget section */
		3E67AB3B1E0F438C00FCE1F1 /* RNMaterial */ = {
			isa = PBXNativeTarget;
			buildConfigurationList = 3E67AB451E0F438C00FCE1F1 /* Build configuration list for PBXNativeTarget "RNMaterial" */;
			buildPhases = (
				3E67AB381E0F438C00FCE1F1 /* Sources */,
				3E67AB391E0F438C00FCE1F1 /* Frameworks */,
				3E67AB3A1E0F438C00FCE1F1 /* CopyFiles */,
			);
			buildRules = (
			);
			dependencies = (
			);
			name = RNMaterial;
			productName = RNMaterial;
			productReference = 3E67AB3C1E0F438C00FCE1F1 /* libRNMaterial.a */;
			productType = "com.apple.product-type.library.static";
		};
/* End PBXNativeTarget section */

/* Begin PBXProject section */
		3E67AB341E0F438C00FCE1F1 /* Project object */ = {
			isa = PBXProject;
			attributes = {
				LastUpgradeCheck = 0810;
				ORGANIZATIONNAME = "Arsen Ghazaryan";
				TargetAttributes = {
					3E67AB3B1E0F438C00FCE1F1 = {
						CreatedOnToolsVersion = 8.1;
						DevelopmentTeam = 56YR8Z5FRB;
						ProvisioningStyle = Automatic;
					};
				};
			};
			buildConfigurationList = 3E67AB371E0F438C00FCE1F1 /* Build configuration list for PBXProject "RNMaterial" */;
			compatibilityVersion = "Xcode 3.2";
			developmentRegion = English;
			hasScannedForEncodings = 0;
			knownRegions = (
				en,
			);
			mainGroup = 3E67AB331E0F438C00FCE1F1;
			productRefGroup = 3E67AB3D1E0F438C00FCE1F1 /* Products */;
			projectDirPath = "";
			projectRoot = "";
			targets = (
				3E67AB3B1E0F438C00FCE1F1 /* RNMaterial */,
			);
		};
/* End PBXProject section */

/* Begin PBXSourcesBuildPhase section */
		3E67AB381E0F438C00FCE1F1 /* Sources */ = {
			isa = PBXSourcesBuildPhase;
			buildActionMask = 2147483647;
			files = (
				3E67AB4A1E0F491B00FCE1F1 /* RNMaterialView.m in Sources */,
				3E0F41331E10737000331E2E /* RNMaterialIconsManager.m in Sources */,
				3E67AB781E0F555100FCE1F1 /* RNMaterialViewManager.m in Sources */,
			);
			runOnlyForDeploymentPostprocessing = 0;
		};
/* End PBXSourcesBuildPhase section */

/* Begin XCBuildConfiguration section */
		3E67AB431E0F438C00FCE1F1 /* Debug */ = {
			isa = XCBuildConfiguration;
			buildSettings = {
				ALWAYS_SEARCH_USER_PATHS = NO;
				CLANG_ANALYZER_NONNULL = YES;
				CLANG_CXX_LANGUAGE_STANDARD = "gnu++0x";
				CLANG_CXX_LIBRARY = "libc++";
				CLANG_ENABLE_MODULES = YES;
				CLANG_ENABLE_OBJC_ARC = YES;
				CLANG_WARN_BOOL_CONVERSION = YES;
				CLANG_WARN_CONSTANT_CONVERSION = YES;
				CLANG_WARN_DIRECT_OBJC_ISA_USAGE = YES_ERROR;
				CLANG_WARN_DOCUMENTATION_COMMENTS = YES;
				CLANG_WARN_EMPTY_BODY = YES;
				CLANG_WARN_ENUM_CONVERSION = YES;
				CLANG_WARN_INFINITE_RECURSION = YES;
				CLANG_WARN_INT_CONVERSION = YES;
				CLANG_WARN_OBJC_ROOT_CLASS = YES_ERROR;
				CLANG_WARN_SUSPICIOUS_MOVES = YES;
				CLANG_WARN_UNREACHABLE_CODE = YES;
				CLANG_WARN__DUPLICATE_METHOD_MATCH = YES;
				"CODE_SIGN_IDENTITY[sdk=iphoneos*]" = "iPhone Developer";
				COPY_PHASE_STRIP = NO;
				DEBUG_INFORMATION_FORMAT = dwarf;
				ENABLE_STRICT_OBJC_MSGSEND = YES;
				ENABLE_TESTABILITY = YES;
				GCC_C_LANGUAGE_STANDARD = gnu99;
				GCC_DYNAMIC_NO_PIC = NO;
				GCC_NO_COMMON_BLOCKS = YES;
				GCC_OPTIMIZATION_LEVEL = 0;
				GCC_PREPROCESSOR_DEFINITIONS = (
					"DEBUG=1",
					"$(inherited)",
				);
				GCC_WARN_64_TO_32_BIT_CONVERSION = YES;
				GCC_WARN_ABOUT_RETURN_TYPE = YES_ERROR;
				GCC_WARN_UNDECLARED_SELECTOR = YES;
				GCC_WARN_UNINITIALIZED_AUTOS = YES_AGGRESSIVE;
				GCC_WARN_UNUSED_FUNCTION = YES;
				GCC_WARN_UNUSED_VARIABLE = YES;
				HEADER_SEARCH_PATHS = (
					"$(inherited)",
					/Applications/Xcode.app/Contents/Developer/Toolchains/XcodeDefault.xctoolchain/usr/include,
					"$(SRCROOT)/../../react-native/React/**",
					"$(SRCROOT)/../node_modules/react-native/React/**",
				);
				IPHONEOS_DEPLOYMENT_TARGET = 8.0;
				MTL_ENABLE_DEBUG_INFO = YES;
				ONLY_ACTIVE_ARCH = YES;
				SDKROOT = iphoneos;
			};
			name = Debug;
		};
		3E67AB441E0F438C00FCE1F1 /* Release */ = {
			isa = XCBuildConfiguration;
			buildSettings = {
				ALWAYS_SEARCH_USER_PATHS = NO;
				CLANG_ANALYZER_NONNULL = YES;
				CLANG_CXX_LANGUAGE_STANDARD = "gnu++0x";
				CLANG_CXX_LIBRARY = "libc++";
				CLANG_ENABLE_MODULES = YES;
				CLANG_ENABLE_OBJC_ARC = YES;
				CLANG_WARN_BOOL_CONVERSION = YES;
				CLANG_WARN_CONSTANT_CONVERSION = YES;
				CLANG_WARN_DIRECT_OBJC_ISA_USAGE = YES_ERROR;
				CLANG_WARN_DOCUMENTATION_COMMENTS = YES;
				CLANG_WARN_EMPTY_BODY = YES;
				CLANG_WARN_ENUM_CONVERSION = YES;
				CLANG_WARN_INFINITE_RECURSION = YES;
				CLANG_WARN_INT_CONVERSION = YES;
				CLANG_WARN_OBJC_ROOT_CLASS = YES_ERROR;
				CLANG_WARN_SUSPICIOUS_MOVES = YES;
				CLANG_WARN_UNREACHABLE_CODE = YES;
				CLANG_WARN__DUPLICATE_METHOD_MATCH = YES;
				"CODE_SIGN_IDENTITY[sdk=iphoneos*]" = "iPhone Developer";
				COPY_PHASE_STRIP = NO;
				DEBUG_INFORMATION_FORMAT = "dwarf-with-dsym";
				ENABLE_NS_ASSERTIONS = NO;
				ENABLE_STRICT_OBJC_MSGSEND = YES;
				GCC_C_LANGUAGE_STANDARD = gnu99;
				GCC_NO_COMMON_BLOCKS = YES;
				GCC_WARN_64_TO_32_BIT_CONVERSION = YES;
				GCC_WARN_ABOUT_RETURN_TYPE = YES_ERROR;
				GCC_WARN_UNDECLARED_SELECTOR = YES;
				GCC_WARN_UNINITIALIZED_AUTOS = YES_AGGRESSIVE;
				GCC_WARN_UNUSED_FUNCTION = YES;
				GCC_WARN_UNUSED_VARIABLE = YES;
				HEADER_SEARCH_PATHS = (
					"$(inherited)",
					/Applications/Xcode.app/Contents/Developer/Toolchains/XcodeDefault.xctoolchain/usr/include,
					"$(SRCROOT)/../../react-native/React/**",
					"$(SRCROOT)/../node_modules/react-native/React/**",
				);
				IPHONEOS_DEPLOYMENT_TARGET = 8.0;
				MTL_ENABLE_DEBUG_INFO = NO;
				SDKROOT = iphoneos;
				VALIDATE_PRODUCT = YES;
			};
			name = Release;
		};
		3E67AB461E0F438C00FCE1F1 /* Debug */ = {
			isa = XCBuildConfiguration;
			buildSettings = {
				DEVELOPMENT_TEAM = 56YR8Z5FRB;
				HEADER_SEARCH_PATHS = (
					"$(inherited)",
					/Applications/Xcode.app/Contents/Developer/Toolchains/XcodeDefault.xctoolchain/usr/include,
					"$(SRCROOT)/../../react-native/React/**",
					"$(SRCROOT)/../node_modules/react-native/React/**",
				);
				OTHER_LDFLAGS = "-ObjC";
				PRODUCT_NAME = "$(TARGET_NAME)";
				SKIP_INSTALL = YES;
			};
			name = Debug;
		};
		3E67AB471E0F438C00FCE1F1 /* Release */ = {
			isa = XCBuildConfiguration;
			buildSettings = {
				DEVELOPMENT_TEAM = 56YR8Z5FRB;
				HEADER_SEARCH_PATHS = (
					"$(inherited)",
					/Applications/Xcode.app/Contents/Developer/Toolchains/XcodeDefault.xctoolchain/usr/include,
					"$(SRCROOT)/../../react-native/React/**",
					"$(SRCROOT)/../node_modules/react-native/React/**",
				);
				OTHER_LDFLAGS = "-ObjC";
				PRODUCT_NAME = "$(TARGET_NAME)";
				SKIP_INSTALL = YES;
			};
			name = Release;
		};
/* End XCBuildConfiguration section */

/* Begin XCConfigurationList section */
		3E67AB371E0F438C00FCE1F1 /* Build configuration list for PBXProject "RNMaterial" */ = {
			isa = XCConfigurationList;
			buildConfigurations = (
				3E67AB431E0F438C00FCE1F1 /* Debug */,
				3E67AB441E0F438C00FCE1F1 /* Release */,
			);
			defaultConfigurationIsVisible = 0;
			defaultConfigurationName = Release;
		};
		3E67AB451E0F438C00FCE1F1 /* Build configuration list for PBXNativeTarget "RNMaterial" */ = {
			isa = XCConfigurationList;
			buildConfigurations = (
				3E67AB461E0F438C00FCE1F1 /* Debug */,
				3E67AB471E0F438C00FCE1F1 /* Release */,
			);
			defaultConfigurationIsVisible = 0;
			defaultConfigurationName = Release;
		};
/* End XCConfigurationList section */
	};
	rootObject = 3E67AB341E0F438C00FCE1F1 /* Project object */;
}
